// !$*UTF8*$!
{
	archiveVersion = 1;
	classes = {
	};
	objectVersion = 46;
	objects = {

/* Begin PBXBuildFile section */
		8DF400731D4A3D6E00471BFF /* CPUTests.cpp in Sources */ = {isa = PBXBuildFile; fileRef = 8DF4005C1D4A385400471BFF /* CPUTests.cpp */; };
		8DF400741D4A3D7400471BFF /* GPUTests.cpp in Sources */ = {isa = PBXBuildFile; fileRef = 8DF4005F1D4A385400471BFF /* GPUTests.cpp */; };
		8DF400751D4A3D7400471BFF /* JoypadTests.cpp in Sources */ = {isa = PBXBuildFile; fileRef = 8DF400601D4A385400471BFF /* JoypadTests.cpp */; };
		8DF400761D4A3D7400471BFF /* MBCTests.cpp in Sources */ = {isa = PBXBuildFile; fileRef = 8DF400611D4A385400471BFF /* MBCTests.cpp */; };
		8DF400771D4A3D7F00471BFF /* stdafx.cpp in Sources */ = {isa = PBXBuildFile; fileRef = 8DF400631D4A385400471BFF /* stdafx.cpp */; };
		8DF400781D4A3D8600471BFF /* TestMain.cpp in Sources */ = {isa = PBXBuildFile; fileRef = 8DF400661D4A385400471BFF /* TestMain.cpp */; };
		8DF400791D4A3D8900471BFF /* Main.cpp in Sources */ = {isa = PBXBuildFile; fileRef = 8DF400231D4A382D00471BFF /* Main.cpp */; };
		8DF4007A1D4A3D8B00471BFF /* pch.cpp in Sources */ = {isa = PBXBuildFile; fileRef = 8DF400251D4A382D00471BFF /* pch.cpp */; };
		8DF4007B1D4A3D9800471BFF /* APU.cpp in Sources */ = {isa = PBXBuildFile; fileRef = 8DF400311D4A384400471BFF /* APU.cpp */; };
		8DF4007C1D4A3DA000471BFF /* Cartridge.cpp in Sources */ = {isa = PBXBuildFile; fileRef = 8DF400331D4A384400471BFF /* Cartridge.cpp */; };
		8DF4007D1D4A3DA200471BFF /* CPU.cpp in Sources */ = {isa = PBXBuildFile; fileRef = 8DF400351D4A384400471BFF /* CPU.cpp */; };
		8DF4007E1D4A3DA500471BFF /* Emulator.cpp in Sources */ = {isa = PBXBuildFile; fileRef = 8DF400371D4A384400471BFF /* Emulator.cpp */; };
		8DF4007F1D4A3DA800471BFF /* GPU.cpp in Sources */ = {isa = PBXBuildFile; fileRef = 8DF4003B1D4A384400471BFF /* GPU.cpp */; };
		8DF400801D4A3DB100471BFF /* Joypad.cpp in Sources */ = {isa = PBXBuildFile; fileRef = 8DF400401D4A384400471BFF /* Joypad.cpp */; };
		8DF400811D4A3DB400471BFF /* Logger.cpp in Sources */ = {isa = PBXBuildFile; fileRef = 8DF400421D4A384400471BFF /* Logger.cpp */; };
		8DF400821D4A3DB900471BFF /* MBC.cpp in Sources */ = {isa = PBXBuildFile; fileRef = 8DF400441D4A384400471BFF /* MBC.cpp */; };
		8DF400831D4A3DBD00471BFF /* MMU.cpp in Sources */ = {isa = PBXBuildFile; fileRef = 8DF400461D4A384400471BFF /* MMU.cpp */; };
		8DF400841D4A3DC000471BFF /* pch.cpp in Sources */ = {isa = PBXBuildFile; fileRef = 8DF400491D4A384400471BFF /* pch.cpp */; };
		8DF400851D4A3DC400471BFF /* Serial.cpp in Sources */ = {isa = PBXBuildFile; fileRef = 8DF4004B1D4A384400471BFF /* Serial.cpp */; };
		8DF400861D4A3DC600471BFF /* Timer.cpp in Sources */ = {isa = PBXBuildFile; fileRef = 8DF4004D1D4A384400471BFF /* Timer.cpp */; };
/* End PBXBuildFile section */

/* Begin PBXFileReference section */
		8DF400211D4A382D00471BFF /* gb-emu.vcxproj */ = {isa = PBXFileReference; lastKnownFileType = text; name = "gb-emu.vcxproj"; path = "gb-emu/gb-emu.vcxproj"; sourceTree = "<group>"; };
		8DF400221D4A382D00471BFF /* gb-emu.vcxproj.filters */ = {isa = PBXFileReference; lastKnownFileType = text.xml; name = "gb-emu.vcxproj.filters"; path = "gb-emu/gb-emu.vcxproj.filters"; sourceTree = "<group>"; };
		8DF400231D4A382D00471BFF /* Main.cpp */ = {isa = PBXFileReference; lastKnownFileType = sourcecode.cpp.cpp; name = Main.cpp; path = "gb-emu/Main.cpp"; sourceTree = "<group>"; };
		8DF400241D4A382D00471BFF /* packages.config */ = {isa = PBXFileReference; lastKnownFileType = text.xml; name = packages.config; path = "gb-emu/packages.config"; sourceTree = "<group>"; };
		8DF400251D4A382D00471BFF /* pch.cpp */ = {isa = PBXFileReference; lastKnownFileType = sourcecode.cpp.cpp; name = pch.cpp; path = "gb-emu/pch.cpp"; sourceTree = "<group>"; };
		8DF400261D4A382D00471BFF /* PCH.hpp */ = {isa = PBXFileReference; lastKnownFileType = sourcecode.cpp.h; name = PCH.hpp; path = "gb-emu/PCH.hpp"; sourceTree = "<group>"; };
		8DF400311D4A384400471BFF /* APU.cpp */ = {isa = PBXFileReference; lastKnownFileType = sourcecode.cpp.cpp; name = APU.cpp; path = "gb-emu-lib/APU.cpp"; sourceTree = "<group>"; };
		8DF400321D4A384400471BFF /* APU.hpp */ = {isa = PBXFileReference; lastKnownFileType = sourcecode.cpp.h; name = APU.hpp; path = "gb-emu-lib/APU.hpp"; sourceTree = "<group>"; };
		8DF400331D4A384400471BFF /* Cartridge.cpp */ = {isa = PBXFileReference; lastKnownFileType = sourcecode.cpp.cpp; name = Cartridge.cpp; path = "gb-emu-lib/Cartridge.cpp"; sourceTree = "<group>"; };
		8DF400341D4A384400471BFF /* Cartridge.hpp */ = {isa = PBXFileReference; lastKnownFileType = sourcecode.cpp.h; name = Cartridge.hpp; path = "gb-emu-lib/Cartridge.hpp"; sourceTree = "<group>"; };
		8DF400351D4A384400471BFF /* CPU.cpp */ = {isa = PBXFileReference; lastKnownFileType = sourcecode.cpp.cpp; name = CPU.cpp; path = "gb-emu-lib/CPU.cpp"; sourceTree = "<group>"; };
		8DF400361D4A384400471BFF /* CPU.hpp */ = {isa = PBXFileReference; lastKnownFileType = sourcecode.cpp.h; name = CPU.hpp; path = "gb-emu-lib/CPU.hpp"; sourceTree = "<group>"; };
		8DF400371D4A384400471BFF /* Emulator.cpp */ = {isa = PBXFileReference; lastKnownFileType = sourcecode.cpp.cpp; name = Emulator.cpp; path = "gb-emu-lib/Emulator.cpp"; sourceTree = "<group>"; };
		8DF400381D4A384400471BFF /* Emulator.hpp */ = {isa = PBXFileReference; lastKnownFileType = sourcecode.cpp.h; name = Emulator.hpp; path = "gb-emu-lib/Emulator.hpp"; sourceTree = "<group>"; };
		8DF400391D4A384400471BFF /* gb-emu-lib.vcxproj */ = {isa = PBXFileReference; lastKnownFileType = text; name = "gb-emu-lib.vcxproj"; path = "gb-emu-lib/gb-emu-lib.vcxproj"; sourceTree = "<group>"; };
		8DF4003A1D4A384400471BFF /* gb-emu-lib.vcxproj.filters */ = {isa = PBXFileReference; lastKnownFileType = text.xml; name = "gb-emu-lib.vcxproj.filters"; path = "gb-emu-lib/gb-emu-lib.vcxproj.filters"; sourceTree = "<group>"; };
		8DF4003B1D4A384400471BFF /* GPU.cpp */ = {isa = PBXFileReference; lastKnownFileType = sourcecode.cpp.cpp; name = GPU.cpp; path = "gb-emu-lib/GPU.cpp"; sourceTree = "<group>"; };
		8DF4003C1D4A384400471BFF /* GPU.hpp */ = {isa = PBXFileReference; lastKnownFileType = sourcecode.cpp.h; name = GPU.hpp; path = "gb-emu-lib/GPU.hpp"; sourceTree = "<group>"; };
		8DF4003D1D4A384400471BFF /* ICPU.hpp */ = {isa = PBXFileReference; lastKnownFileType = sourcecode.cpp.h; name = ICPU.hpp; path = "gb-emu-lib/ICPU.hpp"; sourceTree = "<group>"; };
		8DF4003E1D4A384400471BFF /* IMemoryUnit.hpp */ = {isa = PBXFileReference; lastKnownFileType = sourcecode.cpp.h; name = IMemoryUnit.hpp; path = "gb-emu-lib/IMemoryUnit.hpp"; sourceTree = "<group>"; };
		8DF4003F1D4A384400471BFF /* IMMU.hpp */ = {isa = PBXFileReference; lastKnownFileType = sourcecode.cpp.h; name = IMMU.hpp; path = "gb-emu-lib/IMMU.hpp"; sourceTree = "<group>"; };
		8DF400401D4A384400471BFF /* Joypad.cpp */ = {isa = PBXFileReference; lastKnownFileType = sourcecode.cpp.cpp; name = Joypad.cpp; path = "gb-emu-lib/Joypad.cpp"; sourceTree = "<group>"; };
		8DF400411D4A384400471BFF /* Joypad.hpp */ = {isa = PBXFileReference; lastKnownFileType = sourcecode.cpp.h; name = Joypad.hpp; path = "gb-emu-lib/Joypad.hpp"; sourceTree = "<group>"; };
		8DF400421D4A384400471BFF /* Logger.cpp */ = {isa = PBXFileReference; lastKnownFileType = sourcecode.cpp.cpp; name = Logger.cpp; path = "gb-emu-lib/Logger.cpp"; sourceTree = "<group>"; };
		8DF400431D4A384400471BFF /* Logger.hpp */ = {isa = PBXFileReference; lastKnownFileType = sourcecode.cpp.h; name = Logger.hpp; path = "gb-emu-lib/Logger.hpp"; sourceTree = "<group>"; };
		8DF400441D4A384400471BFF /* MBC.cpp */ = {isa = PBXFileReference; lastKnownFileType = sourcecode.cpp.cpp; name = MBC.cpp; path = "gb-emu-lib/MBC.cpp"; sourceTree = "<group>"; };
		8DF400451D4A384400471BFF /* MBC.hpp */ = {isa = PBXFileReference; lastKnownFileType = sourcecode.cpp.h; name = MBC.hpp; path = "gb-emu-lib/MBC.hpp"; sourceTree = "<group>"; };
		8DF400461D4A384400471BFF /* MMU.cpp */ = {isa = PBXFileReference; lastKnownFileType = sourcecode.cpp.cpp; name = MMU.cpp; path = "gb-emu-lib/MMU.cpp"; sourceTree = "<group>"; };
		8DF400471D4A384400471BFF /* MMU.hpp */ = {isa = PBXFileReference; lastKnownFileType = sourcecode.cpp.h; name = MMU.hpp; path = "gb-emu-lib/MMU.hpp"; sourceTree = "<group>"; };
		8DF400481D4A384400471BFF /* packages.config */ = {isa = PBXFileReference; lastKnownFileType = text.xml; name = packages.config; path = "gb-emu-lib/packages.config"; sourceTree = "<group>"; };
		8DF400491D4A384400471BFF /* pch.cpp */ = {isa = PBXFileReference; lastKnownFileType = sourcecode.cpp.cpp; name = pch.cpp; path = "gb-emu-lib/pch.cpp"; sourceTree = "<group>"; };
		8DF4004A1D4A384400471BFF /* pch.hpp */ = {isa = PBXFileReference; lastKnownFileType = sourcecode.cpp.h; name = pch.hpp; path = "gb-emu-lib/pch.hpp"; sourceTree = "<group>"; };
		8DF4004B1D4A384400471BFF /* Serial.cpp */ = {isa = PBXFileReference; lastKnownFileType = sourcecode.cpp.cpp; name = Serial.cpp; path = "gb-emu-lib/Serial.cpp"; sourceTree = "<group>"; };
		8DF4004C1D4A384400471BFF /* Serial.hpp */ = {isa = PBXFileReference; lastKnownFileType = sourcecode.cpp.h; name = Serial.hpp; path = "gb-emu-lib/Serial.hpp"; sourceTree = "<group>"; };
		8DF4004D1D4A384400471BFF /* Timer.cpp */ = {isa = PBXFileReference; lastKnownFileType = sourcecode.cpp.cpp; name = Timer.cpp; path = "gb-emu-lib/Timer.cpp"; sourceTree = "<group>"; };
		8DF4004E1D4A384400471BFF /* Timer.hpp */ = {isa = PBXFileReference; lastKnownFileType = sourcecode.cpp.h; name = Timer.hpp; path = "gb-emu-lib/Timer.hpp"; sourceTree = "<group>"; };
		8DF4005C1D4A385400471BFF /* CPUTests.cpp */ = {isa = PBXFileReference; lastKnownFileType = sourcecode.cpp.cpp; name = CPUTests.cpp; path = "gb-emu-tests/CPUTests.cpp"; sourceTree = "<group>"; };
		8DF4005D1D4A385400471BFF /* gb-emu-tests.vcxproj */ = {isa = PBXFileReference; lastKnownFileType = text; name = "gb-emu-tests.vcxproj"; path = "gb-emu-tests/gb-emu-tests.vcxproj"; sourceTree = "<group>"; };
		8DF4005E1D4A385400471BFF /* gb-emu-tests.vcxproj.filters */ = {isa = PBXFileReference; lastKnownFileType = text.xml; name = "gb-emu-tests.vcxproj.filters"; path = "gb-emu-tests/gb-emu-tests.vcxproj.filters"; sourceTree = "<group>"; };
		8DF4005F1D4A385400471BFF /* GPUTests.cpp */ = {isa = PBXFileReference; lastKnownFileType = sourcecode.cpp.cpp; name = GPUTests.cpp; path = "gb-emu-tests/GPUTests.cpp"; sourceTree = "<group>"; };
		8DF400601D4A385400471BFF /* JoypadTests.cpp */ = {isa = PBXFileReference; lastKnownFileType = sourcecode.cpp.cpp; name = JoypadTests.cpp; path = "gb-emu-tests/JoypadTests.cpp"; sourceTree = "<group>"; };
		8DF400611D4A385400471BFF /* MBCTests.cpp */ = {isa = PBXFileReference; lastKnownFileType = sourcecode.cpp.cpp; name = MBCTests.cpp; path = "gb-emu-tests/MBCTests.cpp"; sourceTree = "<group>"; };
		8DF400621D4A385400471BFF /* packages.config */ = {isa = PBXFileReference; lastKnownFileType = text.xml; name = packages.config; path = "gb-emu-tests/packages.config"; sourceTree = "<group>"; };
		8DF400631D4A385400471BFF /* stdafx.cpp */ = {isa = PBXFileReference; lastKnownFileType = sourcecode.cpp.cpp; name = stdafx.cpp; path = "gb-emu-tests/stdafx.cpp"; sourceTree = "<group>"; };
		8DF400641D4A385400471BFF /* stdafx.h */ = {isa = PBXFileReference; lastKnownFileType = sourcecode.c.h; name = stdafx.h; path = "gb-emu-tests/stdafx.h"; sourceTree = "<group>"; };
		8DF400651D4A385400471BFF /* targetver.h */ = {isa = PBXFileReference; lastKnownFileType = sourcecode.c.h; name = targetver.h; path = "gb-emu-tests/targetver.h"; sourceTree = "<group>"; };
		8DF400661D4A385400471BFF /* TestMain.cpp */ = {isa = PBXFileReference; lastKnownFileType = sourcecode.cpp.cpp; name = TestMain.cpp; path = "gb-emu-tests/TestMain.cpp"; sourceTree = "<group>"; };
		8DF4006B1D4A3D5400471BFF /* GameLadMac-doc */ = {isa = PBXFileReference; explicitFileType = "compiled.mach-o.executable"; includeInIndex = 0; path = "GameLadMac-doc"; sourceTree = BUILT_PRODUCTS_DIR; };
/* End PBXFileReference section */

/* Begin PBXFrameworksBuildPhase section */
		8DF400681D4A3D5400471BFF /* Frameworks */ = {
			isa = PBXFrameworksBuildPhase;
			buildActionMask = 2147483647;
			files = (
			);
			runOnlyForDeploymentPostprocessing = 0;
		};
/* End PBXFrameworksBuildPhase section */

/* Begin PBXGroup section */
		8D1705091D497A4B00FDE998 = {
			isa = PBXGroup;
			children = (
				8D1705531D497AE500FDE998 /* gb-emu-tests */,
				8D1705331D497A9A00FDE998 /* gb-emu */,
				8D1705141D497A7B00FDE998 /* gb-emu-lib */,
				8DF4006C1D4A3D5400471BFF /* Products */,
			);
			sourceTree = "<group>";
		};
		8D1705141D497A7B00FDE998 /* gb-emu-lib */ = {
			isa = PBXGroup;
			children = (
				8DF400311D4A384400471BFF /* APU.cpp */,
				8DF400321D4A384400471BFF /* APU.hpp */,
				8DF400331D4A384400471BFF /* Cartridge.cpp */,
				8DF400341D4A384400471BFF /* Cartridge.hpp */,
				8DF400351D4A384400471BFF /* CPU.cpp */,
				8DF400361D4A384400471BFF /* CPU.hpp */,
				8DF400371D4A384400471BFF /* Emulator.cpp */,
				8DF400381D4A384400471BFF /* Emulator.hpp */,
				8DF400391D4A384400471BFF /* gb-emu-lib.vcxproj */,
				8DF4003A1D4A384400471BFF /* gb-emu-lib.vcxproj.filters */,
				8DF4003B1D4A384400471BFF /* GPU.cpp */,
				8DF4003C1D4A384400471BFF /* GPU.hpp */,
				8DF4003D1D4A384400471BFF /* ICPU.hpp */,
				8DF4003E1D4A384400471BFF /* IMemoryUnit.hpp */,
				8DF4003F1D4A384400471BFF /* IMMU.hpp */,
				8DF400401D4A384400471BFF /* Joypad.cpp */,
				8DF400411D4A384400471BFF /* Joypad.hpp */,
				8DF400421D4A384400471BFF /* Logger.cpp */,
				8DF400431D4A384400471BFF /* Logger.hpp */,
				8DF400441D4A384400471BFF /* MBC.cpp */,
				8DF400451D4A384400471BFF /* MBC.hpp */,
				8DF400461D4A384400471BFF /* MMU.cpp */,
				8DF400471D4A384400471BFF /* MMU.hpp */,
				8DF400481D4A384400471BFF /* packages.config */,
				8DF400491D4A384400471BFF /* pch.cpp */,
				8DF4004A1D4A384400471BFF /* pch.hpp */,
				8DF4004B1D4A384400471BFF /* Serial.cpp */,
				8DF4004C1D4A384400471BFF /* Serial.hpp */,
				8DF4004D1D4A384400471BFF /* Timer.cpp */,
				8DF4004E1D4A384400471BFF /* Timer.hpp */,
			);
			name = "gb-emu-lib";
			sourceTree = "<group>";
		};
		8D1705331D497A9A00FDE998 /* gb-emu */ = {
			isa = PBXGroup;
			children = (
				8DF400211D4A382D00471BFF /* gb-emu.vcxproj */,
				8DF400221D4A382D00471BFF /* gb-emu.vcxproj.filters */,
				8DF400231D4A382D00471BFF /* Main.cpp */,
				8DF400241D4A382D00471BFF /* packages.config */,
				8DF400251D4A382D00471BFF /* pch.cpp */,
				8DF400261D4A382D00471BFF /* PCH.hpp */,
			);
			name = "gb-emu";
			sourceTree = "<group>";
		};
		8D1705531D497AE500FDE998 /* gb-emu-tests */ = {
			isa = PBXGroup;
			children = (
				8DF4005C1D4A385400471BFF /* CPUTests.cpp */,
				8DF4005D1D4A385400471BFF /* gb-emu-tests.vcxproj */,
				8DF4005E1D4A385400471BFF /* gb-emu-tests.vcxproj.filters */,
				8DF4005F1D4A385400471BFF /* GPUTests.cpp */,
				8DF400601D4A385400471BFF /* JoypadTests.cpp */,
				8DF400611D4A385400471BFF /* MBCTests.cpp */,
				8DF400621D4A385400471BFF /* packages.config */,
				8DF400631D4A385400471BFF /* stdafx.cpp */,
				8DF400641D4A385400471BFF /* stdafx.h */,
				8DF400651D4A385400471BFF /* targetver.h */,
				8DF400661D4A385400471BFF /* TestMain.cpp */,
			);
			name = "gb-emu-tests";
			sourceTree = "<group>";
		};
		8DF4006C1D4A3D5400471BFF /* Products */ = {
			isa = PBXGroup;
			children = (
				8DF4006B1D4A3D5400471BFF /* GameLadMac-doc */,
			);
			name = Products;
			sourceTree = "<group>";
		};
/* End PBXGroup section */

/* Begin PBXLegacyTarget section */
		8D17050E1D497A4B00FDE998 /* GameLadMac */ = {
			isa = PBXLegacyTarget;
			buildArgumentsString = "$(ACTION)";
			buildConfigurationList = 8D1705111D497A4C00FDE998 /* Build configuration list for PBXLegacyTarget "GameLadMac" */;
			buildPhases = (
			);
			buildToolPath = /usr/bin/make;
			buildWorkingDirectory = /Users/Valtteri/Documents/Developer/GameLadMac;
			dependencies = (
			);
			name = GameLadMac;
			passBuildSettingsInEnvironment = 1;
			productName = GameLadMac;
		};
/* End PBXLegacyTarget section */

/* Begin PBXNativeTarget section */
		8DF4006A1D4A3D5400471BFF /* GameLadMac-doc */ = {
			isa = PBXNativeTarget;
			buildConfigurationList = 8DF400701D4A3D5400471BFF /* Build configuration list for PBXNativeTarget "GameLadMac-doc" */;
			buildPhases = (
				8DF400671D4A3D5400471BFF /* Sources */,
				8DF400681D4A3D5400471BFF /* Frameworks */,
			);
			buildRules = (
			);
			dependencies = (
			);
			name = "GameLadMac-doc";
			productName = "GameLadMac-doc";
			productReference = 8DF4006B1D4A3D5400471BFF /* GameLadMac-doc */;
			productType = "com.apple.product-type.tool";
		};
/* End PBXNativeTarget section */

/* Begin PBXProject section */
		8D17050A1D497A4B00FDE998 /* Project object */ = {
			isa = PBXProject;
			attributes = {
				LastUpgradeCheck = 0730;
				ORGANIZATIONNAME = "Valtteri Koskivuori";
				TargetAttributes = {
					8D17050E1D497A4B00FDE998 = {
						CreatedOnToolsVersion = 7.3.1;
					};
					8DF4006A1D4A3D5400471BFF = {
						CreatedOnToolsVersion = 7.3.1;
					};
				};
			};
			buildConfigurationList = 8D17050D1D497A4B00FDE998 /* Build configuration list for PBXProject "GameLadMac" */;
			compatibilityVersion = "Xcode 3.2";
			developmentRegion = English;
			hasScannedForEncodings = 0;
			knownRegions = (
				en,
			);
			mainGroup = 8D1705091D497A4B00FDE998;
			productRefGroup = 8DF4006C1D4A3D5400471BFF /* Products */;
			projectDirPath = "";
			projectRoot = "";
			targets = (
				8D17050E1D497A4B00FDE998 /* GameLadMac */,
				8DF4006A1D4A3D5400471BFF /* GameLadMac-doc */,
			);
		};
/* End PBXProject section */

/* Begin PBXSourcesBuildPhase section */
		8DF400671D4A3D5400471BFF /* Sources */ = {
			isa = PBXSourcesBuildPhase;
			buildActionMask = 2147483647;
			files = (
				8DF4007D1D4A3DA200471BFF /* CPU.cpp in Sources */,
				8DF4007B1D4A3D9800471BFF /* APU.cpp in Sources */,
				8DF400761D4A3D7400471BFF /* MBCTests.cpp in Sources */,
				8DF400781D4A3D8600471BFF /* TestMain.cpp in Sources */,
				8DF400731D4A3D6E00471BFF /* CPUTests.cpp in Sources */,
				8DF400801D4A3DB100471BFF /* Joypad.cpp in Sources */,
				8DF4007C1D4A3DA000471BFF /* Cartridge.cpp in Sources */,
				8DF400851D4A3DC400471BFF /* Serial.cpp in Sources */,
				8DF400741D4A3D7400471BFF /* GPUTests.cpp in Sources */,
				8DF4007E1D4A3DA500471BFF /* Emulator.cpp in Sources */,
				8DF400831D4A3DBD00471BFF /* MMU.cpp in Sources */,
				8DF4007F1D4A3DA800471BFF /* GPU.cpp in Sources */,
				8DF400861D4A3DC600471BFF /* Timer.cpp in Sources */,
				8DF400771D4A3D7F00471BFF /* stdafx.cpp in Sources */,
				8DF400811D4A3DB400471BFF /* Logger.cpp in Sources */,
				8DF400751D4A3D7400471BFF /* JoypadTests.cpp in Sources */,
				8DF4007A1D4A3D8B00471BFF /* pch.cpp in Sources */,
				8DF400791D4A3D8900471BFF /* Main.cpp in Sources */,
				8DF400821D4A3DB900471BFF /* MBC.cpp in Sources */,
				8DF400841D4A3DC000471BFF /* pch.cpp in Sources */,
			);
			runOnlyForDeploymentPostprocessing = 0;
		};
/* End PBXSourcesBuildPhase section */

/* Begin XCBuildConfiguration section */
		8D17050F1D497A4C00FDE998 /* Debug */ = {
			isa = XCBuildConfiguration;
			buildSettings = {
				ALWAYS_SEARCH_USER_PATHS = NO;
				CLANG_ANALYZER_NONNULL = YES;
				CLANG_CXX_LANGUAGE_STANDARD = "gnu++0x";
				CLANG_CXX_LIBRARY = "libc++";
				CLANG_ENABLE_MODULES = YES;
				CLANG_ENABLE_OBJC_ARC = YES;
				CLANG_WARN_BOOL_CONVERSION = YES;
				CLANG_WARN_CONSTANT_CONVERSION = YES;
				CLANG_WARN_DIRECT_OBJC_ISA_USAGE = YES_ERROR;
				CLANG_WARN_EMPTY_BODY = YES;
				CLANG_WARN_ENUM_CONVERSION = YES;
				CLANG_WARN_INT_CONVERSION = YES;
				CLANG_WARN_OBJC_ROOT_CLASS = YES_ERROR;
				CLANG_WARN_UNREACHABLE_CODE = YES;
				CLANG_WARN__DUPLICATE_METHOD_MATCH = YES;
				COPY_PHASE_STRIP = NO;
				DEBUG_INFORMATION_FORMAT = dwarf;
				ENABLE_STRICT_OBJC_MSGSEND = YES;
				ENABLE_TESTABILITY = YES;
				GCC_C_LANGUAGE_STANDARD = gnu99;
				GCC_DYNAMIC_NO_PIC = NO;
				GCC_NO_COMMON_BLOCKS = YES;
				GCC_OPTIMIZATION_LEVEL = 0;
				GCC_PREPROCESSOR_DEFINITIONS = (
					"DEBUG=1",
					"$(inherited)",
				);
				GCC_WARN_64_TO_32_BIT_CONVERSION = YES;
				GCC_WARN_ABOUT_RETURN_TYPE = YES_ERROR;
				GCC_WARN_UNDECLARED_SELECTOR = YES;
				GCC_WARN_UNINITIALIZED_AUTOS = YES_AGGRESSIVE;
				GCC_WARN_UNUSED_FUNCTION = YES;
				GCC_WARN_UNUSED_VARIABLE = YES;
				MTL_ENABLE_DEBUG_INFO = YES;
				ONLY_ACTIVE_ARCH = YES;
			};
			name = Debug;
		};
		8D1705101D497A4C00FDE998 /* Release */ = {
			isa = XCBuildConfiguration;
			buildSettings = {
				ALWAYS_SEARCH_USER_PATHS = NO;
				CLANG_ANALYZER_NONNULL = YES;
				CLANG_CXX_LANGUAGE_STANDARD = "gnu++0x";
				CLANG_CXX_LIBRARY = "libc++";
				CLANG_ENABLE_MODULES = YES;
				CLANG_ENABLE_OBJC_ARC = YES;
				CLANG_WARN_BOOL_CONVERSION = YES;
				CLANG_WARN_CONSTANT_CONVERSION = YES;
				CLANG_WARN_DIRECT_OBJC_ISA_USAGE = YES_ERROR;
				CLANG_WARN_EMPTY_BODY = YES;
				CLANG_WARN_ENUM_CONVERSION = YES;
				CLANG_WARN_INT_CONVERSION = YES;
				CLANG_WARN_OBJC_ROOT_CLASS = YES_ERROR;
				CLANG_WARN_UNREACHABLE_CODE = YES;
				CLANG_WARN__DUPLICATE_METHOD_MATCH = YES;
				COPY_PHASE_STRIP = NO;
				DEBUG_INFORMATION_FORMAT = "dwarf-with-dsym";
				ENABLE_NS_ASSERTIONS = NO;
				ENABLE_STRICT_OBJC_MSGSEND = YES;
				GCC_C_LANGUAGE_STANDARD = gnu99;
				GCC_NO_COMMON_BLOCKS = YES;
				GCC_WARN_64_TO_32_BIT_CONVERSION = YES;
				GCC_WARN_ABOUT_RETURN_TYPE = YES_ERROR;
				GCC_WARN_UNDECLARED_SELECTOR = YES;
				GCC_WARN_UNINITIALIZED_AUTOS = YES_AGGRESSIVE;
				GCC_WARN_UNUSED_FUNCTION = YES;
				GCC_WARN_UNUSED_VARIABLE = YES;
				MTL_ENABLE_DEBUG_INFO = NO;
			};
			name = Release;
		};
		8D1705121D497A4C00FDE998 /* Debug */ = {
			isa = XCBuildConfiguration;
			buildSettings = {
				DEBUGGING_SYMBOLS = YES;
				DEBUG_INFORMATION_FORMAT = dwarf;
				GCC_GENERATE_DEBUGGING_SYMBOLS = YES;
				GCC_OPTIMIZATION_LEVEL = 0;
				OTHER_CFLAGS = "";
				OTHER_LDFLAGS = "";
				PRODUCT_NAME = "$(TARGET_NAME)";
			};
			name = Debug;
		};
		8D1705131D497A4C00FDE998 /* Release */ = {
			isa = XCBuildConfiguration;
			buildSettings = {
				DEBUG_INFORMATION_FORMAT = "dwarf-with-dsym";
				OTHER_CFLAGS = "";
				OTHER_LDFLAGS = "";
				PRODUCT_NAME = "$(TARGET_NAME)";
			};
			name = Release;
		};
		8DF400711D4A3D5400471BFF /* Debug */ = {
			isa = XCBuildConfiguration;
			buildSettings = {
				CODE_SIGN_IDENTITY = "-";
				MACOSX_DEPLOYMENT_TARGET = 10.11;
				PRODUCT_NAME = "$(TARGET_NAME)";
				SDKROOT = macosx;
			};
			name = Debug;
		};
		8DF400721D4A3D5400471BFF /* Release */ = {
			isa = XCBuildConfiguration;
			buildSettings = {
				CODE_SIGN_IDENTITY = "-";
				MACOSX_DEPLOYMENT_TARGET = 10.11;
				PRODUCT_NAME = "$(TARGET_NAME)";
				SDKROOT = macosx;
			};
			name = Release;
		};
/* End XCBuildConfiguration section */

/* Begin XCConfigurationList section */
		8D17050D1D497A4B00FDE998 /* Build configuration list for PBXProject "GameLadMac" */ = {
			isa = XCConfigurationList;
			buildConfigurations = (
				8D17050F1D497A4C00FDE998 /* Debug */,
				8D1705101D497A4C00FDE998 /* Release */,
			);
			defaultConfigurationIsVisible = 0;
			defaultConfigurationName = Release;
		};
		8D1705111D497A4C00FDE998 /* Build configuration list for PBXLegacyTarget "GameLadMac" */ = {
			isa = XCConfigurationList;
			buildConfigurations = (
				8D1705121D497A4C00FDE998 /* Debug */,
				8D1705131D497A4C00FDE998 /* Release */,
			);
			defaultConfigurationIsVisible = 0;
			defaultConfigurationName = Release;
		};
		8DF400701D4A3D5400471BFF /* Build configuration list for PBXNativeTarget "GameLadMac-doc" */ = {
			isa = XCConfigurationList;
			buildConfigurations = (
				8DF400711D4A3D5400471BFF /* Debug */,
				8DF400721D4A3D5400471BFF /* Release */,
			);
			defaultConfigurationIsVisible = 0;
		};
/* End XCConfigurationList section */
	};
	rootObject = 8D17050A1D497A4B00FDE998 /* Project object */;
}
